
Microsoft Visual Studio Solution File, Format Version 12.00
# Visual Studio Version 16
VisualStudioVersion = 16.0.31019.35
MinimumVisualStudioVersion = 10.0.40219.1
Project("{9A19103F-16F7-4668-BE54-9A1E7A4F7556}") = "HR_Assist", "OrientPortal\HR_Assist.csproj", "{49C2D8A6-C12D-466A-B7E6-7AC6D07B640C}"
EndProject
Global
	GlobalSection(SolutionConfigurationPlatforms) = preSolution
		Debug|Any CPU = Debug|Any CPU
		Release|Any CPU = Release|Any CPU
	EndGlobalSection
	GlobalSection(ProjectConfigurationPlatforms) = postSolution
		{49C2D8A6-C12D-466A-B7E6-7AC6D07B640C}.Debug|Any CPU.ActiveCfg = Debug|Any CPU
		{49C2D8A6-C12D-466A-B7E6-7AC6D07B640C}.Debug|Any CPU.Build.0 = Debug|Any CPU
		{49C2D8A6-C12D-466A-B7E6-7AC6D07B640C}.Release|Any CPU.ActiveCfg = Release|Any CPU
		{49C2D8A6-C12D-466A-B7E6-7AC6D07B640C}.Release|Any CPU.Build.0 = Release|Any CPU
	EndGlobalSection
	GlobalSection(SolutionProperties) = preSolution
		HideSolutionNode = FALSE
	EndGlobalSection
	GlobalSection(ExtensibilityGlobals) = postSolution
		SolutionGuid = {389B15B6-EF73-4463-868D-8047172A3003}
	EndGlobalSection
EndGlobal
